<Solution>
  <Folder Name="/src/">
    <Project Path="src/PlanSafe.App/PlanSafe.App.csproj" />
    <Project Path="src/PlanSafe.Api/PlanSafe.Api.csproj" />
    <Project Path="src/PlanSafe.Contracts/PlanSafe.Contracts.csproj" />
    <Project Path="src/PlanSafe.Worker/PlanSafe.Worker.csproj" />
  </Folder>
  <Folder Name="/tests/">
    <Project Path="tests/PlanSafe.Api.Tests/PlanSafe.Api.Tests.csproj" />
    <Project Path="tests/PlanSafe.Tests/PlanSafe.Tests.csproj" />
  </Folder>
</Solution>
